
Microsoft Visual Studio Solution File, Format Version 12.00
Project("{FAE04EC0-301F-11D3-BF4B-00C04F79EFBC}") = "DesignPatternPractice", "DesignPatternPractice\DesignPatternPractice.csproj", "{05201550-0ED9-45A0-8239-C6C09E35A4E9}"
EndProject
Project("{FAE04EC0-301F-11D3-BF4B-00C04F79EFBC}") = "CSharpFeatures", "CSharpFeatures\CSharpFeatures.csproj", "{DAA171F3-93D8-47B6-8744-D38EA2CA3007}"
EndProject
Global
	GlobalSection(SolutionConfigurationPlatforms) = preSolution
		Debug|Any CPU = Debug|Any CPU
		Release|Any CPU = Release|Any CPU
	EndGlobalSection
	GlobalSection(ProjectConfigurationPlatforms) = postSolution
		{05201550-0ED9-45A0-8239-C6C09E35A4E9}.Debug|Any CPU.ActiveCfg = Debug|Any CPU
		{05201550-0ED9-45A0-8239-C6C09E35A4E9}.Debug|Any CPU.Build.0 = Debug|Any CPU
		{05201550-0ED9-45A0-8239-C6C09E35A4E9}.Release|Any CPU.ActiveCfg = Release|Any CPU
		{05201550-0ED9-45A0-8239-C6C09E35A4E9}.Release|Any CPU.Build.0 = Release|Any CPU
		{DAA171F3-93D8-47B6-8744-D38EA2CA3007}.Debug|Any CPU.ActiveCfg = Debug|Any CPU
		{DAA171F3-93D8-47B6-8744-D38EA2CA3007}.Debug|Any CPU.Build.0 = Debug|Any CPU
		{DAA171F3-93D8-47B6-8744-D38EA2CA3007}.Release|Any CPU.ActiveCfg = Release|Any CPU
		{DAA171F3-93D8-47B6-8744-D38EA2CA3007}.Release|Any CPU.Build.0 = Release|Any CPU
	EndGlobalSection
EndGlobal
